// !$*UTF8*$!
{
	archiveVersion = 1;
	classes = {
	};
	objectVersion = 52;
	objects = {

/* Begin PBXBuildFile section */
		4A6DF4A82696DBBF003803B5 /* SrattViewController.swift in Sources */ = {isa = PBXBuildFile; fileRef = 4A6DF4A72696DBBF003803B5 /* SrattViewController.swift */; };
		4A6DF4AA2696E2F4003803B5 /* LoginViewController.swift in Sources */ = {isa = PBXBuildFile; fileRef = 4A6DF4A92696E2F4003803B5 /* LoginViewController.swift */; };
		4A6DF4AC2696E313003803B5 /* RegistrationViewController.swift in Sources */ = {isa = PBXBuildFile; fileRef = 4A6DF4AB2696E313003803B5 /* RegistrationViewController.swift */; };
		4A85F7832695EE2F00E50359 /* AppDelegate.swift in Sources */ = {isa = PBXBuildFile; fileRef = 4A85F7822695EE2F00E50359 /* AppDelegate.swift */; };
		4A85F7852695EE2F00E50359 /* SceneDelegate.swift in Sources */ = {isa = PBXBuildFile; fileRef = 4A85F7842695EE2F00E50359 /* SceneDelegate.swift */; };
		4A85F78A2695EE2F00E50359 /* Main.storyboard in Resources */ = {isa = PBXBuildFile; fileRef = 4A85F7882695EE2F00E50359 /* Main.storyboard */; };
		4A85F78C2695EE3700E50359 /* Assets.xcassets in Resources */ = {isa = PBXBuildFile; fileRef = 4A85F78B2695EE3700E50359 /* Assets.xcassets */; };
		4A85F78F2695EE3700E50359 /* LaunchScreen.storyboard in Resources */ = {isa = PBXBuildFile; fileRef = 4A85F78D2695EE3700E50359 /* LaunchScreen.storyboard */; };
		4A85F7972695EEA900E50359 /* MainController.swift in Sources */ = {isa = PBXBuildFile; fileRef = 4A85F7962695EEA900E50359 /* MainController.swift */; };
		4A85F7992695FFBD00E50359 /* CollectionViewCell.swift in Sources */ = {isa = PBXBuildFile; fileRef = 4A85F7982695FFBD00E50359 /* CollectionViewCell.swift */; };
		4A85F79B269606AC00E50359 /* detaillController.swift in Sources */ = {isa = PBXBuildFile; fileRef = 4A85F79A269606AC00E50359 /* detaillController.swift */; };
		4ABC864126999DC700FC6ED1 /* SideMenu in Frameworks */ = {isa = PBXBuildFile; productRef = 4ABC864026999DC700FC6ED1 /* SideMenu */; };
		4ABC86432699BF6A00FC6ED1 /* SideMenu.swift in Sources */ = {isa = PBXBuildFile; fileRef = 4ABC86422699BF6A00FC6ED1 /* SideMenu.swift */; };
		4ACBA878269803D900DFF612 /* NetWorkDataManager.swift in Sources */ = {isa = PBXBuildFile; fileRef = 4ACBA877269803D900DFF612 /* NetWorkDataManager.swift */; };
		4ACBA87A26980F0500DFF612 /* ModelPizza.swift in Sources */ = {isa = PBXBuildFile; fileRef = 4ACBA87926980F0500DFF612 /* ModelPizza.swift */; };
		4ACBA87C269861D400DFF612 /* Constants.swift in Sources */ = {isa = PBXBuildFile; fileRef = 4ACBA87B269861D400DFF612 /* Constants.swift */; };
		4AFCB6FD2697179A00CD02F5 /* FirebaseAnalytics in Frameworks */ = {isa = PBXBuildFile; productRef = 4AFCB6FC2697179A00CD02F5 /* FirebaseAnalytics */; };
		4AFCB6FF2697179A00CD02F5 /* FirebaseAuth in Frameworks */ = {isa = PBXBuildFile; productRef = 4AFCB6FE2697179A00CD02F5 /* FirebaseAuth */; };
		4AFCB7012697179A00CD02F5 /* FirebaseFirestore in Frameworks */ = {isa = PBXBuildFile; productRef = 4AFCB7002697179A00CD02F5 /* FirebaseFirestore */; };
		4AFCB703269717E800CD02F5 /* GoogleService-Info.plist in Resources */ = {isa = PBXBuildFile; fileRef = 4AFCB702269717E800CD02F5 /* GoogleService-Info.plist */; };
/* End PBXBuildFile section */

/* Begin PBXFileReference section */
		4A6DF4A72696DBBF003803B5 /* SrattViewController.swift */ = {isa = PBXFileReference; lastKnownFileType = sourcecode.swift; path = SrattViewController.swift; sourceTree = "<group>"; };
		4A6DF4A92696E2F4003803B5 /* LoginViewController.swift */ = {isa = PBXFileReference; lastKnownFileType = sourcecode.swift; path = LoginViewController.swift; sourceTree = "<group>"; };
		4A6DF4AB2696E313003803B5 /* RegistrationViewController.swift */ = {isa = PBXFileReference; lastKnownFileType = sourcecode.swift; path = RegistrationViewController.swift; sourceTree = "<group>"; };
		4A85F77F2695EE2F00E50359 /* collectionTest.app */ = {isa = PBXFileReference; explicitFileType = wrapper.application; includeInIndex = 0; path = collectionTest.app; sourceTree = BUILT_PRODUCTS_DIR; };
		4A85F7822695EE2F00E50359 /* AppDelegate.swift */ = {isa = PBXFileReference; lastKnownFileType = sourcecode.swift; path = AppDelegate.swift; sourceTree = "<group>"; };
		4A85F7842695EE2F00E50359 /* SceneDelegate.swift */ = {isa = PBXFileReference; lastKnownFileType = sourcecode.swift; path = SceneDelegate.swift; sourceTree = "<group>"; };
		4A85F7892695EE2F00E50359 /* Base */ = {isa = PBXFileReference; lastKnownFileType = file.storyboard; name = Base; path = Base.lproj/Main.storyboard; sourceTree = "<group>"; };
		4A85F78B2695EE3700E50359 /* Assets.xcassets */ = {isa = PBXFileReference; lastKnownFileType = folder.assetcatalog; path = Assets.xcassets; sourceTree = "<group>"; };
		4A85F78E2695EE3700E50359 /* Base */ = {isa = PBXFileReference; lastKnownFileType = file.storyboard; name = Base; path = Base.lproj/LaunchScreen.storyboard; sourceTree = "<group>"; };
		4A85F7902695EE3700E50359 /* Info.plist */ = {isa = PBXFileReference; lastKnownFileType = text.plist.xml; path = Info.plist; sourceTree = "<group>"; };
		4A85F7962695EEA900E50359 /* MainController.swift */ = {isa = PBXFileReference; lastKnownFileType = sourcecode.swift; path = MainController.swift; sourceTree = "<group>"; };
		4A85F7982695FFBD00E50359 /* CollectionViewCell.swift */ = {isa = PBXFileReference; lastKnownFileType = sourcecode.swift; path = CollectionViewCell.swift; sourceTree = "<group>"; };
		4A85F79A269606AC00E50359 /* detaillController.swift */ = {isa = PBXFileReference; lastKnownFileType = sourcecode.swift; path = detaillController.swift; sourceTree = "<group>"; };
		4ABC86422699BF6A00FC6ED1 /* SideMenu.swift */ = {isa = PBXFileReference; fileEncoding = 4; lastKnownFileType = sourcecode.swift; path = SideMenu.swift; sourceTree = "<group>"; };
		4ACBA877269803D900DFF612 /* NetWorkDataManager.swift */ = {isa = PBXFileReference; lastKnownFileType = sourcecode.swift; path = NetWorkDataManager.swift; sourceTree = "<group>"; };
		4ACBA87926980F0500DFF612 /* ModelPizza.swift */ = {isa = PBXFileReference; lastKnownFileType = sourcecode.swift; path = ModelPizza.swift; sourceTree = "<group>"; };
		4ACBA87B269861D400DFF612 /* Constants.swift */ = {isa = PBXFileReference; lastKnownFileType = sourcecode.swift; path = Constants.swift; sourceTree = "<group>"; };
		4AFCB702269717E800CD02F5 /* GoogleService-Info.plist */ = {isa = PBXFileReference; fileEncoding = 4; lastKnownFileType = text.plist.xml; path = "GoogleService-Info.plist"; sourceTree = "<group>"; };
/* End PBXFileReference section */

/* Begin PBXFrameworksBuildPhase section */
		4A85F77C2695EE2F00E50359 /* Frameworks */ = {
			isa = PBXFrameworksBuildPhase;
			buildActionMask = 2147483647;
			files = (
				4AFCB6FD2697179A00CD02F5 /* FirebaseAnalytics in Frameworks */,
				4AFCB6FF2697179A00CD02F5 /* FirebaseAuth in Frameworks */,
				4ABC864126999DC700FC6ED1 /* SideMenu in Frameworks */,
				4AFCB7012697179A00CD02F5 /* FirebaseFirestore in Frameworks */,
			);
			runOnlyForDeploymentPostprocessing = 0;
		};
/* End PBXFrameworksBuildPhase section */

/* Begin PBXGroup section */
		4A6DF4A62696DB86003803B5 /* Start */ = {
			isa = PBXGroup;
			children = (
				4A6DF4A72696DBBF003803B5 /* SrattViewController.swift */,
				4A6DF4A92696E2F4003803B5 /* LoginViewController.swift */,
				4A6DF4AB2696E313003803B5 /* RegistrationViewController.swift */,
			);
			name = Start;
			sourceTree = "<group>";
		};
		4A6DF4AD2696E55E003803B5 /* pizzaControllers */ = {
			isa = PBXGroup;
			children = (
				4A85F7982695FFBD00E50359 /* CollectionViewCell.swift */,
				4A85F7962695EEA900E50359 /* MainController.swift */,
				4A85F79A269606AC00E50359 /* detaillController.swift */,
			);
			name = pizzaControllers;
			sourceTree = "<group>";
		};
		4A6DF4AE2696E574003803B5 /* Controllers */ = {
			isa = PBXGroup;
			children = (
				4A6DF4A62696DB86003803B5 /* Start */,
				4A6DF4AD2696E55E003803B5 /* pizzaControllers */,
			);
			name = Controllers;
			sourceTree = "<group>";
		};
		4A85F7762695EE2F00E50359 = {
			isa = PBXGroup;
			children = (
				4A85F7812695EE2F00E50359 /* collectionTest */,
				4A85F7802695EE2F00E50359 /* Products */,
			);
			sourceTree = "<group>";
		};
		4A85F7802695EE2F00E50359 /* Products */ = {
			isa = PBXGroup;
			children = (
				4A85F77F2695EE2F00E50359 /* collectionTest.app */,
			);
			name = Products;
			sourceTree = "<group>";
		};
		4A85F7812695EE2F00E50359 /* collectionTest */ = {
			isa = PBXGroup;
			children = (
				4ACBA8762698035F00DFF612 /* Model */,
				4A6DF4AE2696E574003803B5 /* Controllers */,
				4A85F79D2696089800E50359 /* Views */,
				4A85F79E269608AC00E50359 /* SupportFiles */,
				4A85F78B2695EE3700E50359 /* Assets.xcassets */,
				4A85F7902695EE3700E50359 /* Info.plist */,
				4AFCB702269717E800CD02F5 /* GoogleService-Info.plist */,
			);
			path = collectionTest;
			sourceTree = "<group>";
		};
		4A85F79D2696089800E50359 /* Views */ = {
			isa = PBXGroup;
			children = (
				4A85F7882695EE2F00E50359 /* Main.storyboard */,
				4A85F78D2695EE3700E50359 /* LaunchScreen.storyboard */,
			);
			name = Views;
			sourceTree = "<group>";
		};
		4A85F79E269608AC00E50359 /* SupportFiles */ = {
			isa = PBXGroup;
			children = (
				4ABC86422699BF6A00FC6ED1 /* SideMenu.swift */,
				4A85F7822695EE2F00E50359 /* AppDelegate.swift */,
				4A85F7842695EE2F00E50359 /* SceneDelegate.swift */,
				4ACBA87B269861D400DFF612 /* Constants.swift */,
			);
			name = SupportFiles;
			sourceTree = "<group>";
		};
		4ACBA8762698035F00DFF612 /* Model */ = {
			isa = PBXGroup;
			children = (
				4ACBA877269803D900DFF612 /* NetWorkDataManager.swift */,
				4ACBA87926980F0500DFF612 /* ModelPizza.swift */,
			);
			name = Model;
			sourceTree = "<group>";
		};
/* End PBXGroup section */

/* Begin PBXNativeTarget section */
		4A85F77E2695EE2F00E50359 /* collectionTest */ = {
			isa = PBXNativeTarget;
			buildConfigurationList = 4A85F7932695EE3700E50359 /* Build configuration list for PBXNativeTarget "collectionTest" */;
			buildPhases = (
				4A85F77B2695EE2F00E50359 /* Sources */,
				4A85F77C2695EE2F00E50359 /* Frameworks */,
				4A85F77D2695EE2F00E50359 /* Resources */,
			);
			buildRules = (
			);
			dependencies = (
			);
			name = collectionTest;
			packageProductDependencies = (
				4AFCB6FC2697179A00CD02F5 /* FirebaseAnalytics */,
				4AFCB6FE2697179A00CD02F5 /* FirebaseAuth */,
				4AFCB7002697179A00CD02F5 /* FirebaseFirestore */,
				4ABC864026999DC700FC6ED1 /* SideMenu */,
			);
			productName = collectionTest;
			productReference = 4A85F77F2695EE2F00E50359 /* collectionTest.app */;
			productType = "com.apple.product-type.application";
		};
/* End PBXNativeTarget section */

/* Begin PBXProject section */
		4A85F7772695EE2F00E50359 /* Project object */ = {
			isa = PBXProject;
			attributes = {
				LastSwiftUpdateCheck = 1250;
				LastUpgradeCheck = 1250;
				TargetAttributes = {
					4A85F77E2695EE2F00E50359 = {
						CreatedOnToolsVersion = 12.5.1;
					};
				};
			};
			buildConfigurationList = 4A85F77A2695EE2F00E50359 /* Build configuration list for PBXProject "collectionTest" */;
			compatibilityVersion = "Xcode 9.3";
			developmentRegion = en;
			hasScannedForEncodings = 0;
			knownRegions = (
				en,
				Base,
			);
			mainGroup = 4A85F7762695EE2F00E50359;
			packageReferences = (
				4AFCB6FB2697179A00CD02F5 /* XCRemoteSwiftPackageReference "firebase-ios-sdk" */,
				4ABC863F26999DC700FC6ED1 /* XCRemoteSwiftPackageReference "SideMenu" */,
			);
			productRefGroup = 4A85F7802695EE2F00E50359 /* Products */;
			projectDirPath = "";
			projectRoot = "";
			targets = (
				4A85F77E2695EE2F00E50359 /* collectionTest */,
			);
		};
/* End PBXProject section */

/* Begin PBXResourcesBuildPhase section */
		4A85F77D2695EE2F00E50359 /* Resources */ = {
			isa = PBXResourcesBuildPhase;
			buildActionMask = 2147483647;
			files = (
				4A85F78F2695EE3700E50359 /* LaunchScreen.storyboard in Resources */,
				4AFCB703269717E800CD02F5 /* GoogleService-Info.plist in Resources */,
				4A85F78C2695EE3700E50359 /* Assets.xcassets in Resources */,
				4A85F78A2695EE2F00E50359 /* Main.storyboard in Resources */,
			);
			runOnlyForDeploymentPostprocessing = 0;
		};
/* End PBXResourcesBuildPhase section */

/* Begin PBXSourcesBuildPhase section */
		4A85F77B2695EE2F00E50359 /* Sources */ = {
			isa = PBXSourcesBuildPhase;
			buildActionMask = 2147483647;
			files = (
				4A6DF4AA2696E2F4003803B5 /* LoginViewController.swift in Sources */,
				4A85F7832695EE2F00E50359 /* AppDelegate.swift in Sources */,
				4A6DF4AC2696E313003803B5 /* RegistrationViewController.swift in Sources */,
				4ABC86432699BF6A00FC6ED1 /* SideMenu.swift in Sources */,
				4A85F7972695EEA900E50359 /* MainController.swift in Sources */,
				4ACBA878269803D900DFF612 /* NetWorkDataManager.swift in Sources */,
				4A85F7992695FFBD00E50359 /* CollectionViewCell.swift in Sources */,
				4ACBA87A26980F0500DFF612 /* ModelPizza.swift in Sources */,
				4A6DF4A82696DBBF003803B5 /* SrattViewController.swift in Sources */,
				4A85F7852695EE2F00E50359 /* SceneDelegate.swift in Sources */,
				4ACBA87C269861D400DFF612 /* Constants.swift in Sources */,
				4A85F79B269606AC00E50359 /* detaillController.swift in Sources */,
			);
			runOnlyForDeploymentPostprocessing = 0;
		};
/* End PBXSourcesBuildPhase section */

/* Begin PBXVariantGroup section */
		4A85F7882695EE2F00E50359 /* Main.storyboard */ = {
			isa = PBXVariantGroup;
			children = (
				4A85F7892695EE2F00E50359 /* Base */,
			);
			name = Main.storyboard;
			sourceTree = "<group>";
		};
		4A85F78D2695EE3700E50359 /* LaunchScreen.storyboard */ = {
			isa = PBXVariantGroup;
			children = (
				4A85F78E2695EE3700E50359 /* Base */,
			);
			name = LaunchScreen.storyboard;
			sourceTree = "<group>";
		};
/* End PBXVariantGroup section */

/* Begin XCBuildConfiguration section */
		4A85F7912695EE3700E50359 /* Debug */ = {
			isa = XCBuildConfiguration;
			buildSettings = {
				ALWAYS_SEARCH_USER_PATHS = NO;
				CLANG_ANALYZER_NONNULL = YES;
				CLANG_ANALYZER_NUMBER_OBJECT_CONVERSION = YES_AGGRESSIVE;
				CLANG_CXX_LANGUAGE_STANDARD = "gnu++14";
				CLANG_CXX_LIBRARY = "libc++";
				CLANG_ENABLE_MODULES = YES;
				CLANG_ENABLE_OBJC_ARC = YES;
				CLANG_ENABLE_OBJC_WEAK = YES;
				CLANG_WARN_BLOCK_CAPTURE_AUTORELEASING = YES;
				CLANG_WARN_BOOL_CONVERSION = YES;
				CLANG_WARN_COMMA = YES;
				CLANG_WARN_CONSTANT_CONVERSION = YES;
				CLANG_WARN_DEPRECATED_OBJC_IMPLEMENTATIONS = YES;
				CLANG_WARN_DIRECT_OBJC_ISA_USAGE = YES_ERROR;
				CLANG_WARN_DOCUMENTATION_COMMENTS = YES;
				CLANG_WARN_EMPTY_BODY = YES;
				CLANG_WARN_ENUM_CONVERSION = YES;
				CLANG_WARN_INFINITE_RECURSION = YES;
				CLANG_WARN_INT_CONVERSION = YES;
				CLANG_WARN_NON_LITERAL_NULL_CONVERSION = YES;
				CLANG_WARN_OBJC_IMPLICIT_RETAIN_SELF = YES;
				CLANG_WARN_OBJC_LITERAL_CONVERSION = YES;
				CLANG_WARN_OBJC_ROOT_CLASS = YES_ERROR;
				CLANG_WARN_QUOTED_INCLUDE_IN_FRAMEWORK_HEADER = YES;
				CLANG_WARN_RANGE_LOOP_ANALYSIS = YES;
				CLANG_WARN_STRICT_PROTOTYPES = YES;
				CLANG_WARN_SUSPICIOUS_MOVE = YES;
				CLANG_WARN_UNGUARDED_AVAILABILITY = YES_AGGRESSIVE;
				CLANG_WARN_UNREACHABLE_CODE = YES;
				CLANG_WARN__DUPLICATE_METHOD_MATCH = YES;
				COPY_PHASE_STRIP = NO;
				DEBUG_INFORMATION_FORMAT = dwarf;
				ENABLE_STRICT_OBJC_MSGSEND = YES;
				ENABLE_TESTABILITY = YES;
				GCC_C_LANGUAGE_STANDARD = gnu11;
				GCC_DYNAMIC_NO_PIC = NO;
				GCC_NO_COMMON_BLOCKS = YES;
				GCC_OPTIMIZATION_LEVEL = 0;
				GCC_PREPROCESSOR_DEFINITIONS = (
					"DEBUG=1",
					"$(inherited)",
				);
				GCC_WARN_64_TO_32_BIT_CONVERSION = YES;
				GCC_WARN_ABOUT_RETURN_TYPE = YES_ERROR;
				GCC_WARN_UNDECLARED_SELECTOR = YES;
				GCC_WARN_UNINITIALIZED_AUTOS = YES_AGGRESSIVE;
				GCC_WARN_UNUSED_FUNCTION = YES;
				GCC_WARN_UNUSED_VARIABLE = YES;
				IPHONEOS_DEPLOYMENT_TARGET = 14.5;
				MTL_ENABLE_DEBUG_INFO = INCLUDE_SOURCE;
				MTL_FAST_MATH = YES;
				ONLY_ACTIVE_ARCH = YES;
				SDKROOT = iphoneos;
				SWIFT_ACTIVE_COMPILATION_CONDITIONS = DEBUG;
				SWIFT_OPTIMIZATION_LEVEL = "-Onone";
			};
			name = Debug;
		};
		4A85F7922695EE3700E50359 /* Release */ = {
			isa = XCBuildConfiguration;
			buildSettings = {
				ALWAYS_SEARCH_USER_PATHS = NO;
				CLANG_ANALYZER_NONNULL = YES;
				CLANG_ANALYZER_NUMBER_OBJECT_CONVERSION = YES_AGGRESSIVE;
				CLANG_CXX_LANGUAGE_STANDARD = "gnu++14";
				CLANG_CXX_LIBRARY = "libc++";
				CLANG_ENABLE_MODULES = YES;
				CLANG_ENABLE_OBJC_ARC = YES;
				CLANG_ENABLE_OBJC_WEAK = YES;
				CLANG_WARN_BLOCK_CAPTURE_AUTORELEASING = YES;
				CLANG_WARN_BOOL_CONVERSION = YES;
				CLANG_WARN_COMMA = YES;
				CLANG_WARN_CONSTANT_CONVERSION = YES;
				CLANG_WARN_DEPRECATED_OBJC_IMPLEMENTATIONS = YES;
				CLANG_WARN_DIRECT_OBJC_ISA_USAGE = YES_ERROR;
				CLANG_WARN_DOCUMENTATION_COMMENTS = YES;
				CLANG_WARN_EMPTY_BODY = YES;
				CLANG_WARN_ENUM_CONVERSION = YES;
				CLANG_WARN_INFINITE_RECURSION = YES;
				CLANG_WARN_INT_CONVERSION = YES;
				CLANG_WARN_NON_LITERAL_NULL_CONVERSION = YES;
				CLANG_WARN_OBJC_IMPLICIT_RETAIN_SELF = YES;
				CLANG_WARN_OBJC_LITERAL_CONVERSION = YES;
				CLANG_WARN_OBJC_ROOT_CLASS = YES_ERROR;
				CLANG_WARN_QUOTED_INCLUDE_IN_FRAMEWORK_HEADER = YES;
				CLANG_WARN_RANGE_LOOP_ANALYSIS = YES;
				CLANG_WARN_STRICT_PROTOTYPES = YES;
				CLANG_WARN_SUSPICIOUS_MOVE = YES;
				CLANG_WARN_UNGUARDED_AVAILABILITY = YES_AGGRESSIVE;
				CLANG_WARN_UNREACHABLE_CODE = YES;
				CLANG_WARN__DUPLICATE_METHOD_MATCH = YES;
				COPY_PHASE_STRIP = NO;
				DEBUG_INFORMATION_FORMAT = "dwarf-with-dsym";
				ENABLE_NS_ASSERTIONS = NO;
				ENABLE_STRICT_OBJC_MSGSEND = YES;
				GCC_C_LANGUAGE_STANDARD = gnu11;
				GCC_NO_COMMON_BLOCKS = YES;
				GCC_WARN_64_TO_32_BIT_CONVERSION = YES;
				GCC_WARN_ABOUT_RETURN_TYPE = YES_ERROR;
				GCC_WARN_UNDECLARED_SELECTOR = YES;
				GCC_WARN_UNINITIALIZED_AUTOS = YES_AGGRESSIVE;
				GCC_WARN_UNUSED_FUNCTION = YES;
				GCC_WARN_UNUSED_VARIABLE = YES;
				IPHONEOS_DEPLOYMENT_TARGET = 14.5;
				MTL_ENABLE_DEBUG_INFO = NO;
				MTL_FAST_MATH = YES;
				SDKROOT = iphoneos;
				SWIFT_COMPILATION_MODE = wholemodule;
				SWIFT_OPTIMIZATION_LEVEL = "-O";
				VALIDATE_PRODUCT = YES;
			};
			name = Release;
		};
		4A85F7942695EE3700E50359 /* Debug */ = {
			isa = XCBuildConfiguration;
			buildSettings = {
				ASSETCATALOG_COMPILER_APPICON_NAME = AppIcon;
				ASSETCATALOG_COMPILER_GLOBAL_ACCENT_COLOR_NAME = AccentColor;
				CODE_SIGN_STYLE = Automatic;
				DEVELOPMENT_TEAM = JA82Z2ATX6;
				INFOPLIST_FILE = collectionTest/Info.plist;
				LD_RUNPATH_SEARCH_PATHS = (
					"$(inherited)",
					"@executable_path/Frameworks",
				);
				PRODUCT_BUNDLE_IDENTIFIER = self.collectionTest;
				PRODUCT_NAME = "$(TARGET_NAME)";
				SWIFT_VERSION = 5.0;
				TARGETED_DEVICE_FAMILY = "1,2";
			};
			name = Debug;
		};
		4A85F7952695EE3700E50359 /* Release */ = {
			isa = XCBuildConfiguration;
			buildSettings = {
				ASSETCATALOG_COMPILER_APPICON_NAME = AppIcon;
				ASSETCATALOG_COMPILER_GLOBAL_ACCENT_COLOR_NAME = AccentColor;
				CODE_SIGN_STYLE = Automatic;
				DEVELOPMENT_TEAM = JA82Z2ATX6;
				INFOPLIST_FILE = collectionTest/Info.plist;
				LD_RUNPATH_SEARCH_PATHS = (
					"$(inherited)",
					"@executable_path/Frameworks",
				);
				PRODUCT_BUNDLE_IDENTIFIER = self.collectionTest;
				PRODUCT_NAME = "$(TARGET_NAME)";
				SWIFT_VERSION = 5.0;
				TARGETED_DEVICE_FAMILY = "1,2";
			};
			name = Release;
		};
/* End XCBuildConfiguration section */

/* Begin XCConfigurationList section */
		4A85F77A2695EE2F00E50359 /* Build configuration list for PBXProject "collectionTest" */ = {
			isa = XCConfigurationList;
			buildConfigurations = (
				4A85F7912695EE3700E50359 /* Debug */,
				4A85F7922695EE3700E50359 /* Release */,
			);
			defaultConfigurationIsVisible = 0;
			defaultConfigurationName = Release;
		};
		4A85F7932695EE3700E50359 /* Build configuration list for PBXNativeTarget "collectionTest" */ = {
			isa = XCConfigurationList;
			buildConfigurations = (
				4A85F7942695EE3700E50359 /* Debug */,
				4A85F7952695EE3700E50359 /* Release */,
			);
			defaultConfigurationIsVisible = 0;
			defaultConfigurationName = Release;
		};
/* End XCConfigurationList section */

/* Begin XCRemoteSwiftPackageReference section */
		4ABC863F26999DC700FC6ED1 /* XCRemoteSwiftPackageReference "SideMenu" */ = {
			isa = XCRemoteSwiftPackageReference;
			repositoryURL = "https://github.com/jonkykong/SideMenu";
			requirement = {
				kind = upToNextMajorVersion;
				minimumVersion = 6.5.0;
			};
		};
		4AFCB6FB2697179A00CD02F5 /* XCRemoteSwiftPackageReference "firebase-ios-sdk" */ = {
			isa = XCRemoteSwiftPackageReference;
			repositoryURL = "https://github.com/firebase/firebase-ios-sdk";
			requirement = {
				kind = upToNextMajorVersion;
				minimumVersion = 8.2.0;
			};
		};
/* End XCRemoteSwiftPackageReference section */

/* Begin XCSwiftPackageProductDependency section */
		4ABC864026999DC700FC6ED1 /* SideMenu */ = {
			isa = XCSwiftPackageProductDependency;
			package = 4ABC863F26999DC700FC6ED1 /* XCRemoteSwiftPackageReference "SideMenu" */;
			productName = SideMenu;
		};
		4AFCB6FC2697179A00CD02F5 /* FirebaseAnalytics */ = {
			isa = XCSwiftPackageProductDependency;
			package = 4AFCB6FB2697179A00CD02F5 /* XCRemoteSwiftPackageReference "firebase-ios-sdk" */;
			productName = FirebaseAnalytics;
		};
		4AFCB6FE2697179A00CD02F5 /* FirebaseAuth */ = {
			isa = XCSwiftPackageProductDependency;
			package = 4AFCB6FB2697179A00CD02F5 /* XCRemoteSwiftPackageReference "firebase-ios-sdk" */;
			productName = FirebaseAuth;
		};
		4AFCB7002697179A00CD02F5 /* FirebaseFirestore */ = {
			isa = XCSwiftPackageProductDependency;
			package = 4AFCB6FB2697179A00CD02F5 /* XCRemoteSwiftPackageReference "firebase-ios-sdk" */;
			productName = FirebaseFirestore;
		};
/* End XCSwiftPackageProductDependency section */
	};
	rootObject = 4A85F7772695EE2F00E50359 /* Project object */;
}
